{
  "object": {
    "pins": [
      {
        "package": "Executable",
        "repositoryURL": "git@github.com:kojirou1994/Executable.git",
        "state": {
          "branch": null,
          "revision": "0042819ccdbcf114534f9352627bcce5967505f4",
          "version": "0.4.1"
        }
      },
      {
        "package": "Kanna",
        "repositoryURL": "https://github.com/tid-kijyun/Kanna.git",
        "state": {
          "branch": null,
          "revision": "c657fb9f5827ef138068215c76ad0bb62bbc92da",
          "version": "5.2.4"
        }
      },
      {
        "package": "Kwift",
        "repositoryURL": "https://github.com/kojirou1994/Kwift.git",
        "state": {
          "branch": null,
          "revision": "25c5d459f89e19d209add3e28dd4d479a9540482",
          "version": "0.8.6"
        }
      },
      {
        "package": "swift-tools-support-core",
        "repositoryURL": "https://github.com/apple/swift-tools-support-core.git",
        "state": {
          "branch": null,
          "revision": "2954e55faee5bfee928e844bb09e97fcfa8d24af",
          "version": "0.2.0"
        }
      }
    ]
  },
  "version": 1
}
