{
  "object": {
    "pins": [
      {
        "package": "Executable",
        "repositoryURL": "git@github.com:kojirou1994/Executable.git",
        "state": {
          "branch": null,
          "revision": "49a9063e0005209cbbeea661be0afa75ef005b3f",
          "version": "0.0.1"
        }
      },
      {
        "package": "Kanna",
        "repositoryURL": "https://github.com/tid-kijyun/Kanna.git",
        "state": {
          "branch": null,
          "revision": "9b8f73f8c8e145dc496565bbf878a709793e7ba3",
          "version": "5.0.0"
        }
      },
      {
        "package": "Kwift",
        "repositoryURL": "https://github.com/kojirou1994/Kwift.git",
        "state": {
          "branch": null,
          "revision": "9b4e76a4fa594b555bd033555ec4273957a893b7",
          "version": "0.5.4"
        }
      },
      {
        "package": "swift-tools-support-core",
        "repositoryURL": "https://github.com/apple/swift-tools-support-core.git",
        "state": {
          "branch": null,
          "revision": "693aba4c4c9dcc4767cc853a0dd38bf90ad8c258",
          "version": "0.0.1"
        }
      }
    ]
  },
  "version": 1
}
